
Microsoft Visual Studio Solution File, Format Version 12.00
# Visual Studio 15
VisualStudioVersion = 15.0.27130.2010
MinimumVisualStudioVersion = 10.0.40219.1
Project("{FAE04EC0-301F-11D3-BF4B-00C04F79EFBC}") = "CountDownWebSite", "CountDownWebSite\CountDownWebSite.csproj", "{B24BD47B-1A51-4C15-900A-7DB11372AFA9}"
EndProject
Global
	GlobalSection(SolutionConfigurationPlatforms) = preSolution
		Debug|Any CPU = Debug|Any CPU
		Release|Any CPU = Release|Any CPU
	EndGlobalSection
	GlobalSection(ProjectConfigurationPlatforms) = postSolution
		{B24BD47B-1A51-4C15-900A-7DB11372AFA9}.Debug|Any CPU.ActiveCfg = Debug|Any CPU
		{B24BD47B-1A51-4C15-900A-7DB11372AFA9}.Debug|Any CPU.Build.0 = Debug|Any CPU
		{B24BD47B-1A51-4C15-900A-7DB11372AFA9}.Release|Any CPU.ActiveCfg = Release|Any CPU
		{B24BD47B-1A51-4C15-900A-7DB11372AFA9}.Release|Any CPU.Build.0 = Release|Any CPU
	EndGlobalSection
	GlobalSection(SolutionProperties) = preSolution
		HideSolutionNode = FALSE
	EndGlobalSection
	GlobalSection(ExtensibilityGlobals) = postSolution
		SolutionGuid = {675B86E0-CCF9-4D16-A6DB-7D19B7EB5198}
	EndGlobalSection
EndGlobal
